
Microsoft Visual Studio Solution File, Format Version 12.00
# Visual Studio Version 16
VisualStudioVersion = 16.0.31105.61
MinimumVisualStudioVersion = 10.0.40219.1
Project("{FAE04EC0-301F-11D3-BF4B-00C04F79EFBC}") = "WebApplication1", "WebApplication1.csproj", "{3A74BE9C-501E-4158-824B-6CCD921B7EE3}"
EndProject
Project("{FAE04EC0-301F-11D3-BF4B-00C04F79EFBC}") = "WebApplication1.Tests", "..\WebApplication1.Tests\WebApplication1.Tests.csproj", "{36F0E825-F525-4B11-B842-3B0319C604DE}"
EndProject
Global
	GlobalSection(SolutionConfigurationPlatforms) = preSolution
		Debug|Any CPU = Debug|Any CPU
		Release|Any CPU = Release|Any CPU
	EndGlobalSection
	GlobalSection(ProjectConfigurationPlatforms) = postSolution
		{3A74BE9C-501E-4158-824B-6CCD921B7EE3}.Debug|Any CPU.ActiveCfg = Debug|Any CPU
		{3A74BE9C-501E-4158-824B-6CCD921B7EE3}.Debug|Any CPU.Build.0 = Debug|Any CPU
		{3A74BE9C-501E-4158-824B-6CCD921B7EE3}.Release|Any CPU.ActiveCfg = Release|Any CPU
		{3A74BE9C-501E-4158-824B-6CCD921B7EE3}.Release|Any CPU.Build.0 = Release|Any CPU
		{36F0E825-F525-4B11-B842-3B0319C604DE}.Debug|Any CPU.ActiveCfg = Debug|Any CPU
		{36F0E825-F525-4B11-B842-3B0319C604DE}.Debug|Any CPU.Build.0 = Debug|Any CPU
		{36F0E825-F525-4B11-B842-3B0319C604DE}.Release|Any CPU.ActiveCfg = Release|Any CPU
		{36F0E825-F525-4B11-B842-3B0319C604DE}.Release|Any CPU.Build.0 = Release|Any CPU
	EndGlobalSection
	GlobalSection(SolutionProperties) = preSolution
		HideSolutionNode = FALSE
	EndGlobalSection
	GlobalSection(ExtensibilityGlobals) = postSolution
		SolutionGuid = {DEDBEE9E-D835-4ABB-A4AC-D88C9DCCD12E}
	EndGlobalSection
EndGlobal
